
Microsoft Visual Studio Solution File, Format Version 12.00
# Visual Studio Version 17
VisualStudioVersion = 17.0.32014.148
MinimumVisualStudioVersion = 10.0.40219.1
Project("{54A90642-561A-4BB1-A94E-469ADEE60C69}") = "HealthCheck", "HealthCheck\HealthCheck.esproj", "{372DA389-C317-4D5E-9BC4-904070B673FB}"
EndProject
Project("{FAE04EC0-301F-11D3-BF4B-00C04F79EFBC}") = "HealthCheckAPI", "HealthCheckAPI\HealthCheckAPI.csproj", "{F35DF6DA-0C4F-43A7-8AED-F9714B6C6861}"
EndProject
Global
	GlobalSection(SolutionConfigurationPlatforms) = preSolution
		Debug|Any CPU = Debug|Any CPU
		Release|Any CPU = Release|Any CPU
	EndGlobalSection
	GlobalSection(ProjectConfigurationPlatforms) = postSolution
		{372DA389-C317-4D5E-9BC4-904070B673FB}.Debug|Any CPU.ActiveCfg = Debug|Any CPU
		{372DA389-C317-4D5E-9BC4-904070B673FB}.Debug|Any CPU.Build.0 = Debug|Any CPU
		{372DA389-C317-4D5E-9BC4-904070B673FB}.Debug|Any CPU.Deploy.0 = Debug|Any CPU
		{372DA389-C317-4D5E-9BC4-904070B673FB}.Release|Any CPU.ActiveCfg = Release|Any CPU
		{372DA389-C317-4D5E-9BC4-904070B673FB}.Release|Any CPU.Build.0 = Release|Any CPU
		{372DA389-C317-4D5E-9BC4-904070B673FB}.Release|Any CPU.Deploy.0 = Release|Any CPU
		{F35DF6DA-0C4F-43A7-8AED-F9714B6C6861}.Debug|Any CPU.ActiveCfg = Debug|Any CPU
		{F35DF6DA-0C4F-43A7-8AED-F9714B6C6861}.Debug|Any CPU.Build.0 = Debug|Any CPU
		{F35DF6DA-0C4F-43A7-8AED-F9714B6C6861}.Release|Any CPU.ActiveCfg = Release|Any CPU
		{F35DF6DA-0C4F-43A7-8AED-F9714B6C6861}.Release|Any CPU.Build.0 = Release|Any CPU
	EndGlobalSection
	GlobalSection(SolutionProperties) = preSolution
		HideSolutionNode = FALSE
	EndGlobalSection
	GlobalSection(ExtensibilityGlobals) = postSolution
		SolutionGuid = {5D2CB68D-2F6A-44E3-A31B-942A5F6128CE}
	EndGlobalSection
EndGlobal
